
Microsoft Visual Studio Solution File, Format Version 12.00
# Visual Studio Version 17
VisualStudioVersion = 17.7.34202.233
MinimumVisualStudioVersion = 10.0.40219.1
Project("{FAE04EC0-301F-11D3-BF4B-00C04F79EFBC}") = "nobleAreaProject", "nobleAreaProject\nobleAreaProject.csproj", "{2602AA17-A187-49D7-92BB-898A6DB741D1}"
EndProject
Global
	GlobalSection(SolutionConfigurationPlatforms) = preSolution
		Debug|Any CPU = Debug|Any CPU
		Release|Any CPU = Release|Any CPU
	EndGlobalSection
	GlobalSection(ProjectConfigurationPlatforms) = postSolution
		{2602AA17-A187-49D7-92BB-898A6DB741D1}.Debug|Any CPU.ActiveCfg = Debug|Any CPU
		{2602AA17-A187-49D7-92BB-898A6DB741D1}.Debug|Any CPU.Build.0 = Debug|Any CPU
		{2602AA17-A187-49D7-92BB-898A6DB741D1}.Release|Any CPU.ActiveCfg = Release|Any CPU
		{2602AA17-A187-49D7-92BB-898A6DB741D1}.Release|Any CPU.Build.0 = Release|Any CPU
	EndGlobalSection
	GlobalSection(SolutionProperties) = preSolution
		HideSolutionNode = FALSE
	EndGlobalSection
	GlobalSection(ExtensibilityGlobals) = postSolution
		SolutionGuid = {9FCF2BF0-0557-4298-A7A7-6AC6FD15A860}
	EndGlobalSection
EndGlobal
